{
  "nodes": {
    "BarutSRB-tap": {
      "flake": false,
      "locked": {
        "lastModified": 1788753221,
        "narHash": "sha256-+HrnxHGLg3vGh2HzWZ+891f5QBRon5cvM7Rr9lV2kvw=",
        "owner": "BarutSRB",
        "repo": "homebrew-tap",
        "rev": "ed66148f36a9b5458d705ed15b5f36a682ed72da",
        "type": "github"
      },
      "original": {
        "owner": "BarutSRB",
        "repo": "homebrew-tap",
        "type": "github"
      }
    },
    "FelixKratz-formulae": {
      "flake": false,
      "locked": {
        "lastModified": 1780547371,
        "narHash": "sha256-QGCVV5N1QC56GQK3ck2YJ6J6/S8SQ6rTElz69y58078=",
        "owner": "FelixKratz",
        "repo": "homebrew-formulae",
        "rev": "70b2071488b61c14f773ce9e1bf6626ee851981a",
        "type": "github"
      },
      "original": {
        "owner": "FelixKratz",
        "repo": "homebrew-formulae",
        "type": "github"
      }
    },
    "aerospace-bar-tap": {
      "flake": false,
      "locked": {
        "lastModified": 1788509814,
        "narHash": "sha256-yqpO/IYIYNCtaXkrMoA6OIFcrMfxLSK21NJCTcfQ5XY=",
        "owner": "rdrkr",
        "repo": "homebrew-tap",
        "rev": "a43742b6c942324fd2f9eca38b9993fcae6fd2f0",
        "type": "github"
      },
      "original": {
        "owner": "rdrkr",
        "repo": "homebrew-tap",
        "type": "github"
      }
    },
    "aerospace-tap": {
      "flake": false,
      "locked": {
        "lastModified": 1788650992,
        "narHash": "sha256-UtBXjrHvfrPikHajq1SECV+Jc9bwmbbUc/bE37D8Xck=",
        "owner": "nikitabobko",
        "repo": "homebrew-tap",
        "rev": "9ac0bfc08904719c52a63101fa7e1e133a23bda2",
        "type": "github"
      },
      "original": {
        "owner": "nikitabobko",
        "repo": "homebrew-tap",
        "type": "github"
      }
    },
    "asmvik-formulae": {
      "flake": false,
      "locked": {
        "lastModified": 1778274556,
        "narHash": "sha256-ZT8PDRrrsHidlypL6oFw/A2LFmT06GZr0rT4ZxDOKbw=",
        "owner": "asmvik",
        "repo": "homebrew-formulae",
        "rev": "9c0021f8454e82c3af6ca8b0af4548589920e6ed",
        "type": "github"
      },
      "original": {
        "owner": "asmvik",
        "repo": "homebrew-formulae",
        "type": "github"
      }
    },
    "brew-src": {
      "flake": false,
      "locked": {
        "lastModified": 1788591592,
        "narHash": "sha256-NbwVKwKLFl0oXub7oPjvmDaOygCtV2oboeKTu4xXFTk=",
        "owner": "Homebrew",
        "repo": "brew",
        "rev": "08e85c4e42f5d8f1ea17c36cb59cf61c2ccb26c3",
        "type": "github"
      },
      "original": {
        "owner": "Homebrew",
        "ref": "6.0.22",
        "repo": "brew",
        "type": "github"
      }
    },
    "home-manager": {
      "inputs": {
        "nixpkgs": "nixpkgs"
      },
      "locked": {
        "lastModified": 1789012927,
        "narHash": "sha256-+h1H0g2XMGXK0fNUlX4ajCmCz8u05IR7k0Cj2MJviBY=",
        "owner": "nix-community",
        "repo": "home-manager",
        "rev": "df044b78fd9ec60d0e54752169666e6e1d393798",
        "type": "github"
      },
      "original": {
        "id": "home-manager",
        "type": "indirect"
      }
    },
    "homebrew-cask": {
      "flake": false,
      "locked": {
        "lastModified": 1789018943,
        "narHash": "sha256-A+OAJessq9kb0EiOClasfW9p2iRT5pgTgPkcmd3oP/I=",
        "owner": "homebrew",
        "repo": "homebrew-cask",
        "rev": "fa74d32aad06f26c21b7da7fd846f6835a95f8c5",
        "type": "github"
      },
      "original": {
        "owner": "homebrew",
        "repo": "homebrew-cask",
        "type": "github"
      }
    },
    "homebrew-core": {
      "flake": false,
      "locked": {
        "lastModified": 1789022893,
        "narHash": "sha256-JEqxFTAQ9db2TyhN0OlxX80mpPSYOb4+/9JnwiMO9bg=",
        "owner": "homebrew",
        "repo": "homebrew-core",
        "rev": "ad5f75341ed20212b6c067228c4dfcc3c42c5a7b",
        "type": "github"
      },
      "original": {
        "owner": "homebrew",
        "repo": "homebrew-core",
        "type": "github"
      }
    },
    "neru": {
      "inputs": {
        "nixpkgs": [
          "nixpkgs"
        ]
      },
      "locked": {
        "lastModified": 1789138113,
        "narHash": "sha256-kkejARamA9+SR4BS8QNGUqyvapZ/tv934Pm+x/39HAQ=",
        "owner": "y3owk1n",
        "repo": "neru",
        "rev": "5d4ff53377becb1c25674be3ae8110e042145884",
        "type": "github"
      },
      "original": {
        "owner": "y3owk1n",
        "repo": "neru",
        "type": "github"
      }
    },
    "nix-darwin": {
      "inputs": {
        "nixpkgs": [
          "nixpkgs"
        ]
      },
      "locked": {
        "lastModified": 1786845137,
        "narHash": "sha256-oQFip+v0luP8NIxJzmiW4Wu8bILsbFWom5l0zonl8hQ=",
        "owner": "nix-darwin",
        "repo": "nix-darwin",
        "rev": "4cff07de74b50e64bdd68cd4e722ab5b6b35ee48",
        "type": "github"
      },
      "original": {
        "owner": "nix-darwin",
        "ref": "master",
        "repo": "nix-darwin",
        "type": "github"
      }
    },
    "nix-homebrew": {
      "inputs": {
        "brew-src": "brew-src"
      },
      "locked": {
        "lastModified": 1788981439,
        "narHash": "sha256-fEaFq0XgpgWFPLfpq1UK4/8ylHd2T0+fo6O3hKz1LUM=",
        "owner": "zhaofengli",
        "repo": "nix-homebrew",
        "rev": "09a921d0181146cf6163ec2cc1db7b6fd539a885",
        "type": "github"
      },
      "original": {
        "owner": "zhaofengli",
        "repo": "nix-homebrew",
        "type": "github"
      }
    },
    "nixpkgs": {
      "locked": {
        "lastModified": 1787964612,
        "narHash": "sha256-0N9nghg3nwzX6b6qc77EzjR9cu/Z+UR66FlfsCqiURs=",
        "owner": "NixOS",
        "repo": "nixpkgs",
        "rev": "e8be7818e19ada32105a8af937a6a473b38167ca",
        "type": "github"
      },
      "original": {
        "owner": "NixOS",
        "ref": "nixpkgs-unstable",
        "repo": "nixpkgs",
        "type": "github"
      }
    },
    "nixpkgs_2": {
      "locked": {
        "lastModified": 1788982683,
        "narHash": "sha256-PJCTsE4I20CrJJPcye9/z6brRFysG5+aygr/dZK097k=",
        "owner": "NixOS",
        "repo": "nixpkgs",
        "rev": "5052d7ccbcfb7e4ae1586cb2ecf95a2e3707dce9",
        "type": "github"
      },
      "original": {
        "owner": "NixOS",
        "ref": "nixpkgs-unstable",
        "repo": "nixpkgs",
        "type": "github"
      }
    },
    "rift-tap": {
      "flake": false,
      "locked": {
        "lastModified": 1788991854,
        "narHash": "sha256-fVpsVbAPlNhfWkF1l3G6frD+Qwxe1iKciQSg200ALTU=",
        "owner": "acsandmann",
        "repo": "homebrew-tap",
        "rev": "e9f1721156efa0cd06ce12b04b7bc27a5f39b0ca",
        "type": "github"
      },
      "original": {
        "owner": "acsandmann",
        "repo": "homebrew-tap",
        "type": "github"
      }
    },
    "root": {
      "inputs": {
        "BarutSRB-tap": "BarutSRB-tap",
        "FelixKratz-formulae": "FelixKratz-formulae",
        "aerospace-bar-tap": "aerospace-bar-tap",
        "aerospace-tap": "aerospace-tap",
        "asmvik-formulae": "asmvik-formulae",
        "home-manager": "home-manager",
        "homebrew-cask": "homebrew-cask",
        "homebrew-core": "homebrew-core",
        "neru": "neru",
        "nix-darwin": "nix-darwin",
        "nix-homebrew": "nix-homebrew",
        "nixpkgs": "nixpkgs_2",
        "rift-tap": "rift-tap"
      }
    }
  },
  "root": "root",
  "version": 7
}
